
Microsoft Visual Studio Solution File, Format Version 12.00
# Visual Studio 15
VisualStudioVersion = 15.0.27130.2010
MinimumVisualStudioVersion = 10.0.40219.1
Project("{888888A0-9F3D-457C-B088-3A5042F75D52}") = "bili-comment", "bili-comment\bili-comment.pyproj", "{FA337CF8-195A-4F01-B14B-26C216FCD8A1}"
EndProject
Global
	GlobalSection(SolutionConfigurationPlatforms) = preSolution
		Debug|Any CPU = Debug|Any CPU
		Release|Any CPU = Release|Any CPU
	EndGlobalSection
	GlobalSection(ProjectConfigurationPlatforms) = postSolution
		{FA337CF8-195A-4F01-B14B-26C216FCD8A1}.Debug|Any CPU.ActiveCfg = Debug|Any CPU
		{FA337CF8-195A-4F01-B14B-26C216FCD8A1}.Release|Any CPU.ActiveCfg = Release|Any CPU
	EndGlobalSection
	GlobalSection(SolutionProperties) = preSolution
		HideSolutionNode = FALSE
	EndGlobalSection
	GlobalSection(ExtensibilityGlobals) = postSolution
		SolutionGuid = {3E2F9210-5B7C-45AB-B73F-9D89FCE2D85C}
	EndGlobalSection
EndGlobal
